
Microsoft Visual Studio Solution File, Format Version 12.00
# Visual Studio 15
VisualStudioVersion = 15.0.28307.136
MinimumVisualStudioVersion = 10.0.40219.1
Project("{9A19103F-16F7-4668-BE54-9A1E7A4F7556}") = "SwgohCompare", "SwgohCompare\SwgohCompare.csproj", "{E862DE4B-66FA-4A9A-B009-F51CE55C94EF}"
EndProject
Project("{FAE04EC0-301F-11D3-BF4B-00C04F79EFBC}") = "SwgohHelpApi", "..\..\swgoh-dotnet-api\SwgohHelpApi\SwgohHelpApi\SwgohHelpApi.csproj", "{76F38DD7-0483-43B3-AFF5-997EAFC1A3CC}"
EndProject
Project("{FAE04EC0-301F-11D3-BF4B-00C04F79EFBC}") = "SwgohCompareAngular", "SwgohCompareAngular\SwgohCompareAngular.csproj", "{6B707800-3BD0-494E-AAE9-364275DBBA89}"
EndProject
Global
	GlobalSection(SolutionConfigurationPlatforms) = preSolution
		Debug|Any CPU = Debug|Any CPU
		Release|Any CPU = Release|Any CPU
	EndGlobalSection
	GlobalSection(ProjectConfigurationPlatforms) = postSolution
		{E862DE4B-66FA-4A9A-B009-F51CE55C94EF}.Debug|Any CPU.ActiveCfg = Debug|Any CPU
		{E862DE4B-66FA-4A9A-B009-F51CE55C94EF}.Debug|Any CPU.Build.0 = Debug|Any CPU
		{E862DE4B-66FA-4A9A-B009-F51CE55C94EF}.Release|Any CPU.ActiveCfg = Release|Any CPU
		{E862DE4B-66FA-4A9A-B009-F51CE55C94EF}.Release|Any CPU.Build.0 = Release|Any CPU
		{76F38DD7-0483-43B3-AFF5-997EAFC1A3CC}.Debug|Any CPU.ActiveCfg = Debug|Any CPU
		{76F38DD7-0483-43B3-AFF5-997EAFC1A3CC}.Debug|Any CPU.Build.0 = Debug|Any CPU
		{76F38DD7-0483-43B3-AFF5-997EAFC1A3CC}.Release|Any CPU.ActiveCfg = Release|Any CPU
		{76F38DD7-0483-43B3-AFF5-997EAFC1A3CC}.Release|Any CPU.Build.0 = Release|Any CPU
		{6B707800-3BD0-494E-AAE9-364275DBBA89}.Debug|Any CPU.ActiveCfg = Debug|Any CPU
		{6B707800-3BD0-494E-AAE9-364275DBBA89}.Debug|Any CPU.Build.0 = Debug|Any CPU
		{6B707800-3BD0-494E-AAE9-364275DBBA89}.Release|Any CPU.ActiveCfg = Release|Any CPU
		{6B707800-3BD0-494E-AAE9-364275DBBA89}.Release|Any CPU.Build.0 = Release|Any CPU
	EndGlobalSection
	GlobalSection(SolutionProperties) = preSolution
		HideSolutionNode = FALSE
	EndGlobalSection
	GlobalSection(ExtensibilityGlobals) = postSolution
		SolutionGuid = {A7419A1D-48C9-4407-9658-3796719C4FD3}
	EndGlobalSection
EndGlobal
